
Microsoft Visual Studio Solution File, Format Version 12.00
# Visual Studio Version 16
VisualStudioVersion = 16.0.29411.108
MinimumVisualStudioVersion = 10.0.40219.1
Project("{FAE04EC0-301F-11D3-BF4B-00C04F79EFBC}") = "banderas.common", "banderas.common\banderas.common.csproj", "{403C2153-4CF5-4705-AE64-B3A0BC2178B4}"
EndProject
Project("{FAE04EC0-301F-11D3-BF4B-00C04F79EFBC}") = "banderas.web", "banderas.web\banderas.web.csproj", "{7638F498-F059-4A09-A691-85078162598B}"
EndProject
Project("{FAE04EC0-301F-11D3-BF4B-00C04F79EFBC}") = "banderas.prism", "banderas.prism\banderas.prism\banderas.prism.csproj", "{C4ED8925-98E5-4D6D-9604-4D27546B87C9}"
EndProject
Project("{FAE04EC0-301F-11D3-BF4B-00C04F79EFBC}") = "banderas.prism.Android", "banderas.prism\banderas.prism.Android\banderas.prism.Android.csproj", "{CD182E30-69FC-463C-A8A1-78BB01B4BC4B}"
EndProject
Project("{FAE04EC0-301F-11D3-BF4B-00C04F79EFBC}") = "banderas.prism.iOS", "banderas.prism\banderas.prism.iOS\banderas.prism.iOS.csproj", "{78A8934A-3BD9-430D-981C-388C80EBA064}"
EndProject
Global
	GlobalSection(SolutionConfigurationPlatforms) = preSolution
		Ad-Hoc|Any CPU = Ad-Hoc|Any CPU
		Ad-Hoc|iPhone = Ad-Hoc|iPhone
		Ad-Hoc|iPhoneSimulator = Ad-Hoc|iPhoneSimulator
		AppStore|Any CPU = AppStore|Any CPU
		AppStore|iPhone = AppStore|iPhone
		AppStore|iPhoneSimulator = AppStore|iPhoneSimulator
		Debug|Any CPU = Debug|Any CPU
		Debug|iPhone = Debug|iPhone
		Debug|iPhoneSimulator = Debug|iPhoneSimulator
		Release|Any CPU = Release|Any CPU
		Release|iPhone = Release|iPhone
		Release|iPhoneSimulator = Release|iPhoneSimulator
	EndGlobalSection
	GlobalSection(ProjectConfigurationPlatforms) = postSolution
		{403C2153-4CF5-4705-AE64-B3A0BC2178B4}.Ad-Hoc|Any CPU.ActiveCfg = Debug|Any CPU
		{403C2153-4CF5-4705-AE64-B3A0BC2178B4}.Ad-Hoc|Any CPU.Build.0 = Debug|Any CPU
		{403C2153-4CF5-4705-AE64-B3A0BC2178B4}.Ad-Hoc|iPhone.ActiveCfg = Debug|Any CPU
		{403C2153-4CF5-4705-AE64-B3A0BC2178B4}.Ad-Hoc|iPhone.Build.0 = Debug|Any CPU
		{403C2153-4CF5-4705-AE64-B3A0BC2178B4}.Ad-Hoc|iPhoneSimulator.ActiveCfg = Debug|Any CPU
		{403C2153-4CF5-4705-AE64-B3A0BC2178B4}.Ad-Hoc|iPhoneSimulator.Build.0 = Debug|Any CPU
		{403C2153-4CF5-4705-AE64-B3A0BC2178B4}.AppStore|Any CPU.ActiveCfg = Debug|Any CPU
		{403C2153-4CF5-4705-AE64-B3A0BC2178B4}.AppStore|Any CPU.Build.0 = Debug|Any CPU
		{403C2153-4CF5-4705-AE64-B3A0BC2178B4}.AppStore|iPhone.ActiveCfg = Debug|Any CPU
		{403C2153-4CF5-4705-AE64-B3A0BC2178B4}.AppStore|iPhone.Build.0 = Debug|Any CPU
		{403C2153-4CF5-4705-AE64-B3A0BC2178B4}.AppStore|iPhoneSimulator.ActiveCfg = Debug|Any CPU
		{403C2153-4CF5-4705-AE64-B3A0BC2178B4}.AppStore|iPhoneSimulator.Build.0 = Debug|Any CPU
		{403C2153-4CF5-4705-AE64-B3A0BC2178B4}.Debug|Any CPU.ActiveCfg = Debug|Any CPU
		{403C2153-4CF5-4705-AE64-B3A0BC2178B4}.Debug|Any CPU.Build.0 = Debug|Any CPU
		{403C2153-4CF5-4705-AE64-B3A0BC2178B4}.Debug|iPhone.ActiveCfg = Debug|Any CPU
		{403C2153-4CF5-4705-AE64-B3A0BC2178B4}.Debug|iPhone.Build.0 = Debug|Any CPU
		{403C2153-4CF5-4705-AE64-B3A0BC2178B4}.Debug|iPhoneSimulator.ActiveCfg = Debug|Any CPU
		{403C2153-4CF5-4705-AE64-B3A0BC2178B4}.Debug|iPhoneSimulator.Build.0 = Debug|Any CPU
		{403C2153-4CF5-4705-AE64-B3A0BC2178B4}.Release|Any CPU.ActiveCfg = Release|Any CPU
		{403C2153-4CF5-4705-AE64-B3A0BC2178B4}.Release|Any CPU.Build.0 = Release|Any CPU
		{403C2153-4CF5-4705-AE64-B3A0BC2178B4}.Release|iPhone.ActiveCfg = Release|Any CPU
		{403C2153-4CF5-4705-AE64-B3A0BC2178B4}.Release|iPhone.Build.0 = Release|Any CPU
		{403C2153-4CF5-4705-AE64-B3A0BC2178B4}.Release|iPhoneSimulator.ActiveCfg = Release|Any CPU
		{403C2153-4CF5-4705-AE64-B3A0BC2178B4}.Release|iPhoneSimulator.Build.0 = Release|Any CPU
		{7638F498-F059-4A09-A691-85078162598B}.Ad-Hoc|Any CPU.ActiveCfg = Debug|Any CPU
		{7638F498-F059-4A09-A691-85078162598B}.Ad-Hoc|Any CPU.Build.0 = Debug|Any CPU
		{7638F498-F059-4A09-A691-85078162598B}.Ad-Hoc|iPhone.ActiveCfg = Debug|Any CPU
		{7638F498-F059-4A09-A691-85078162598B}.Ad-Hoc|iPhone.Build.0 = Debug|Any CPU
		{7638F498-F059-4A09-A691-85078162598B}.Ad-Hoc|iPhoneSimulator.ActiveCfg = Debug|Any CPU
		{7638F498-F059-4A09-A691-85078162598B}.Ad-Hoc|iPhoneSimulator.Build.0 = Debug|Any CPU
		{7638F498-F059-4A09-A691-85078162598B}.AppStore|Any CPU.ActiveCfg = Debug|Any CPU
		{7638F498-F059-4A09-A691-85078162598B}.AppStore|Any CPU.Build.0 = Debug|Any CPU
		{7638F498-F059-4A09-A691-85078162598B}.AppStore|iPhone.ActiveCfg = Debug|Any CPU
		{7638F498-F059-4A09-A691-85078162598B}.AppStore|iPhone.Build.0 = Debug|Any CPU
		{7638F498-F059-4A09-A691-85078162598B}.AppStore|iPhoneSimulator.ActiveCfg = Debug|Any CPU
		{7638F498-F059-4A09-A691-85078162598B}.AppStore|iPhoneSimulator.Build.0 = Debug|Any CPU
		{7638F498-F059-4A09-A691-85078162598B}.Debug|Any CPU.ActiveCfg = Debug|Any CPU
		{7638F498-F059-4A09-A691-85078162598B}.Debug|Any CPU.Build.0 = Debug|Any CPU
		{7638F498-F059-4A09-A691-85078162598B}.Debug|iPhone.ActiveCfg = Debug|Any CPU
		{7638F498-F059-4A09-A691-85078162598B}.Debug|iPhone.Build.0 = Debug|Any CPU
		{7638F498-F059-4A09-A691-85078162598B}.Debug|iPhoneSimulator.ActiveCfg = Debug|Any CPU
		{7638F498-F059-4A09-A691-85078162598B}.Debug|iPhoneSimulator.Build.0 = Debug|Any CPU
		{7638F498-F059-4A09-A691-85078162598B}.Release|Any CPU.ActiveCfg = Release|Any CPU
		{7638F498-F059-4A09-A691-85078162598B}.Release|Any CPU.Build.0 = Release|Any CPU
		{7638F498-F059-4A09-A691-85078162598B}.Release|iPhone.ActiveCfg = Release|Any CPU
		{7638F498-F059-4A09-A691-85078162598B}.Release|iPhone.Build.0 = Release|Any CPU
		{7638F498-F059-4A09-A691-85078162598B}.Release|iPhoneSimulator.ActiveCfg = Release|Any CPU
		{7638F498-F059-4A09-A691-85078162598B}.Release|iPhoneSimulator.Build.0 = Release|Any CPU
		{C4ED8925-98E5-4D6D-9604-4D27546B87C9}.Ad-Hoc|Any CPU.ActiveCfg = Debug|Any CPU
		{C4ED8925-98E5-4D6D-9604-4D27546B87C9}.Ad-Hoc|Any CPU.Build.0 = Debug|Any CPU
		{C4ED8925-98E5-4D6D-9604-4D27546B87C9}.Ad-Hoc|iPhone.ActiveCfg = Debug|Any CPU
		{C4ED8925-98E5-4D6D-9604-4D27546B87C9}.Ad-Hoc|iPhone.Build.0 = Debug|Any CPU
		{C4ED8925-98E5-4D6D-9604-4D27546B87C9}.Ad-Hoc|iPhoneSimulator.ActiveCfg = Debug|Any CPU
		{C4ED8925-98E5-4D6D-9604-4D27546B87C9}.Ad-Hoc|iPhoneSimulator.Build.0 = Debug|Any CPU
		{C4ED8925-98E5-4D6D-9604-4D27546B87C9}.AppStore|Any CPU.ActiveCfg = Debug|Any CPU
		{C4ED8925-98E5-4D6D-9604-4D27546B87C9}.AppStore|Any CPU.Build.0 = Debug|Any CPU
		{C4ED8925-98E5-4D6D-9604-4D27546B87C9}.AppStore|iPhone.ActiveCfg = Debug|Any CPU
		{C4ED8925-98E5-4D6D-9604-4D27546B87C9}.AppStore|iPhone.Build.0 = Debug|Any CPU
		{C4ED8925-98E5-4D6D-9604-4D27546B87C9}.AppStore|iPhoneSimulator.ActiveCfg = Debug|Any CPU
		{C4ED8925-98E5-4D6D-9604-4D27546B87C9}.AppStore|iPhoneSimulator.Build.0 = Debug|Any CPU
		{C4ED8925-98E5-4D6D-9604-4D27546B87C9}.Debug|Any CPU.ActiveCfg = Debug|Any CPU
		{C4ED8925-98E5-4D6D-9604-4D27546B87C9}.Debug|Any CPU.Build.0 = Debug|Any CPU
		{C4ED8925-98E5-4D6D-9604-4D27546B87C9}.Debug|iPhone.ActiveCfg = Debug|Any CPU
		{C4ED8925-98E5-4D6D-9604-4D27546B87C9}.Debug|iPhone.Build.0 = Debug|Any CPU
		{C4ED8925-98E5-4D6D-9604-4D27546B87C9}.Debug|iPhoneSimulator.ActiveCfg = Debug|Any CPU
		{C4ED8925-98E5-4D6D-9604-4D27546B87C9}.Debug|iPhoneSimulator.Build.0 = Debug|Any CPU
		{C4ED8925-98E5-4D6D-9604-4D27546B87C9}.Release|Any CPU.ActiveCfg = Release|Any CPU
		{C4ED8925-98E5-4D6D-9604-4D27546B87C9}.Release|Any CPU.Build.0 = Release|Any CPU
		{C4ED8925-98E5-4D6D-9604-4D27546B87C9}.Release|iPhone.ActiveCfg = Release|Any CPU
		{C4ED8925-98E5-4D6D-9604-4D27546B87C9}.Release|iPhone.Build.0 = Release|Any CPU
		{C4ED8925-98E5-4D6D-9604-4D27546B87C9}.Release|iPhoneSimulator.ActiveCfg = Release|Any CPU
		{C4ED8925-98E5-4D6D-9604-4D27546B87C9}.Release|iPhoneSimulator.Build.0 = Release|Any CPU
		{CD182E30-69FC-463C-A8A1-78BB01B4BC4B}.Ad-Hoc|Any CPU.ActiveCfg = Release|Any CPU
		{CD182E30-69FC-463C-A8A1-78BB01B4BC4B}.Ad-Hoc|Any CPU.Build.0 = Release|Any CPU
		{CD182E30-69FC-463C-A8A1-78BB01B4BC4B}.Ad-Hoc|Any CPU.Deploy.0 = Release|Any CPU
		{CD182E30-69FC-463C-A8A1-78BB01B4BC4B}.Ad-Hoc|iPhone.ActiveCfg = Release|Any CPU
		{CD182E30-69FC-463C-A8A1-78BB01B4BC4B}.Ad-Hoc|iPhone.Build.0 = Release|Any CPU
		{CD182E30-69FC-463C-A8A1-78BB01B4BC4B}.Ad-Hoc|iPhone.Deploy.0 = Release|Any CPU
		{CD182E30-69FC-463C-A8A1-78BB01B4BC4B}.Ad-Hoc|iPhoneSimulator.ActiveCfg = Release|Any CPU
		{CD182E30-69FC-463C-A8A1-78BB01B4BC4B}.Ad-Hoc|iPhoneSimulator.Build.0 = Release|Any CPU
		{CD182E30-69FC-463C-A8A1-78BB01B4BC4B}.Ad-Hoc|iPhoneSimulator.Deploy.0 = Release|Any CPU
		{CD182E30-69FC-463C-A8A1-78BB01B4BC4B}.AppStore|Any CPU.ActiveCfg = Release|Any CPU
		{CD182E30-69FC-463C-A8A1-78BB01B4BC4B}.AppStore|Any CPU.Build.0 = Release|Any CPU
		{CD182E30-69FC-463C-A8A1-78BB01B4BC4B}.AppStore|Any CPU.Deploy.0 = Release|Any CPU
		{CD182E30-69FC-463C-A8A1-78BB01B4BC4B}.AppStore|iPhone.ActiveCfg = Release|Any CPU
		{CD182E30-69FC-463C-A8A1-78BB01B4BC4B}.AppStore|iPhone.Build.0 = Release|Any CPU
		{CD182E30-69FC-463C-A8A1-78BB01B4BC4B}.AppStore|iPhone.Deploy.0 = Release|Any CPU
		{CD182E30-69FC-463C-A8A1-78BB01B4BC4B}.AppStore|iPhoneSimulator.ActiveCfg = Release|Any CPU
		{CD182E30-69FC-463C-A8A1-78BB01B4BC4B}.AppStore|iPhoneSimulator.Build.0 = Release|Any CPU
		{CD182E30-69FC-463C-A8A1-78BB01B4BC4B}.AppStore|iPhoneSimulator.Deploy.0 = Release|Any CPU
		{CD182E30-69FC-463C-A8A1-78BB01B4BC4B}.Debug|Any CPU.ActiveCfg = Debug|Any CPU
		{CD182E30-69FC-463C-A8A1-78BB01B4BC4B}.Debug|Any CPU.Build.0 = Debug|Any CPU
		{CD182E30-69FC-463C-A8A1-78BB01B4BC4B}.Debug|Any CPU.Deploy.0 = Debug|Any CPU
		{CD182E30-69FC-463C-A8A1-78BB01B4BC4B}.Debug|iPhone.ActiveCfg = Debug|Any CPU
		{CD182E30-69FC-463C-A8A1-78BB01B4BC4B}.Debug|iPhone.Build.0 = Debug|Any CPU
		{CD182E30-69FC-463C-A8A1-78BB01B4BC4B}.Debug|iPhone.Deploy.0 = Debug|Any CPU
		{CD182E30-69FC-463C-A8A1-78BB01B4BC4B}.Debug|iPhoneSimulator.ActiveCfg = Debug|Any CPU
		{CD182E30-69FC-463C-A8A1-78BB01B4BC4B}.Debug|iPhoneSimulator.Build.0 = Debug|Any CPU
		{CD182E30-69FC-463C-A8A1-78BB01B4BC4B}.Debug|iPhoneSimulator.Deploy.0 = Debug|Any CPU
		{CD182E30-69FC-463C-A8A1-78BB01B4BC4B}.Release|Any CPU.ActiveCfg = Release|Any CPU
		{CD182E30-69FC-463C-A8A1-78BB01B4BC4B}.Release|Any CPU.Build.0 = Release|Any CPU
		{CD182E30-69FC-463C-A8A1-78BB01B4BC4B}.Release|Any CPU.Deploy.0 = Release|Any CPU
		{CD182E30-69FC-463C-A8A1-78BB01B4BC4B}.Release|iPhone.ActiveCfg = Release|Any CPU
		{CD182E30-69FC-463C-A8A1-78BB01B4BC4B}.Release|iPhone.Build.0 = Release|Any CPU
		{CD182E30-69FC-463C-A8A1-78BB01B4BC4B}.Release|iPhone.Deploy.0 = Release|Any CPU
		{CD182E30-69FC-463C-A8A1-78BB01B4BC4B}.Release|iPhoneSimulator.ActiveCfg = Release|Any CPU
		{CD182E30-69FC-463C-A8A1-78BB01B4BC4B}.Release|iPhoneSimulator.Build.0 = Release|Any CPU
		{CD182E30-69FC-463C-A8A1-78BB01B4BC4B}.Release|iPhoneSimulator.Deploy.0 = Release|Any CPU
		{78A8934A-3BD9-430D-981C-388C80EBA064}.Ad-Hoc|Any CPU.ActiveCfg = Ad-Hoc|iPhone
		{78A8934A-3BD9-430D-981C-388C80EBA064}.Ad-Hoc|iPhone.ActiveCfg = Ad-Hoc|iPhone
		{78A8934A-3BD9-430D-981C-388C80EBA064}.Ad-Hoc|iPhone.Build.0 = Ad-Hoc|iPhone
		{78A8934A-3BD9-430D-981C-388C80EBA064}.Ad-Hoc|iPhoneSimulator.ActiveCfg = Ad-Hoc|iPhoneSimulator
		{78A8934A-3BD9-430D-981C-388C80EBA064}.Ad-Hoc|iPhoneSimulator.Build.0 = Ad-Hoc|iPhoneSimulator
		{78A8934A-3BD9-430D-981C-388C80EBA064}.AppStore|Any CPU.ActiveCfg = AppStore|iPhone
		{78A8934A-3BD9-430D-981C-388C80EBA064}.AppStore|iPhone.ActiveCfg = AppStore|iPhone
		{78A8934A-3BD9-430D-981C-388C80EBA064}.AppStore|iPhone.Build.0 = AppStore|iPhone
		{78A8934A-3BD9-430D-981C-388C80EBA064}.AppStore|iPhoneSimulator.ActiveCfg = AppStore|iPhoneSimulator
		{78A8934A-3BD9-430D-981C-388C80EBA064}.AppStore|iPhoneSimulator.Build.0 = AppStore|iPhoneSimulator
		{78A8934A-3BD9-430D-981C-388C80EBA064}.Debug|Any CPU.ActiveCfg = Debug|iPhone
		{78A8934A-3BD9-430D-981C-388C80EBA064}.Debug|iPhone.ActiveCfg = Debug|iPhone
		{78A8934A-3BD9-430D-981C-388C80EBA064}.Debug|iPhone.Build.0 = Debug|iPhone
		{78A8934A-3BD9-430D-981C-388C80EBA064}.Debug|iPhoneSimulator.ActiveCfg = Debug|iPhoneSimulator
		{78A8934A-3BD9-430D-981C-388C80EBA064}.Debug|iPhoneSimulator.Build.0 = Debug|iPhoneSimulator
		{78A8934A-3BD9-430D-981C-388C80EBA064}.Release|Any CPU.ActiveCfg = Release|iPhone
		{78A8934A-3BD9-430D-981C-388C80EBA064}.Release|iPhone.ActiveCfg = Release|iPhone
		{78A8934A-3BD9-430D-981C-388C80EBA064}.Release|iPhone.Build.0 = Release|iPhone
		{78A8934A-3BD9-430D-981C-388C80EBA064}.Release|iPhoneSimulator.ActiveCfg = Release|iPhoneSimulator
		{78A8934A-3BD9-430D-981C-388C80EBA064}.Release|iPhoneSimulator.Build.0 = Release|iPhoneSimulator
	EndGlobalSection
	GlobalSection(SolutionProperties) = preSolution
		HideSolutionNode = FALSE
	EndGlobalSection
	GlobalSection(ExtensibilityGlobals) = postSolution
		SolutionGuid = {B1A7F461-2C52-4811-ABCC-36FA367CEA61}
	EndGlobalSection
EndGlobal
